
Microsoft Visual Studio Solution File, Format Version 12.00
# Visual Studio Version 17
VisualStudioVersion = 17.14.36414.22 d17.14
MinimumVisualStudioVersion = 10.0.40219.1
Project("{FAE04EC0-301F-11D3-BF4B-00C04F79EFBC}") = "Log in", "Log in\Log in.csproj", "{4C9C12F6-EB17-4367-83BB-B2AFAD3F0A29}"
EndProject
Global
	GlobalSection(SolutionConfigurationPlatforms) = preSolution
		Debug|Any CPU = Debug|Any CPU
		Release|Any CPU = Release|Any CPU
	EndGlobalSection
	GlobalSection(ProjectConfigurationPlatforms) = postSolution
		{4C9C12F6-EB17-4367-83BB-B2AFAD3F0A29}.Debug|Any CPU.ActiveCfg = Debug|Any CPU
		{4C9C12F6-EB17-4367-83BB-B2AFAD3F0A29}.Debug|Any CPU.Build.0 = Debug|Any CPU
		{4C9C12F6-EB17-4367-83BB-B2AFAD3F0A29}.Release|Any CPU.ActiveCfg = Release|Any CPU
		{4C9C12F6-EB17-4367-83BB-B2AFAD3F0A29}.Release|Any CPU.Build.0 = Release|Any CPU
	EndGlobalSection
	GlobalSection(SolutionProperties) = preSolution
		HideSolutionNode = FALSE
	EndGlobalSection
	GlobalSection(ExtensibilityGlobals) = postSolution
		SolutionGuid = {26D715D8-1550-4E2A-B98F-26DCEF1398F4}
	EndGlobalSection
EndGlobal
